{
  "name": "modularity-playground",
  "version": "1.0.0",
  "lockfileVersion": 2,
  "requires": true,
  "packages": {
    "": {
      "version": "1.0.0",
      "license": "ISC"
    },
    "node_modules/fileReader.js": {
      "extraneous": true
    },
    "node_modules/server.js": {
      "extraneous": true
    }
  },
  "dependencies": {
    "fileReader.js": {
      "extraneous": true
    },
    "server.js": {
      "extraneous": true
    }
  }
}
